#MicroXplorer Configuration settings - do not modify
Mcu.Family=STM32H7
RCC.DIVQ2Freq_Value=300000000
ProjectManager.MainLocation=Src
USB_DEVICE.CLASS_NAME_FS=CDC
RCC.SAI1Freq_Value=400000000
RCC.CortexFreq_Value=400000000
FATFS._USE_LFN=3
ProjectManager.KeepUserCode=true
Mcu.UserName=STM32H750VBTx
RCC.HPRE=RCC_HCLK_DIV2
VP_FATFS_VS_SDIO.Mode=SDIO
PH0-OSC_IN\ (PH0).Signal=RCC_OSC_IN
PC12.Signal=SDMMC1_CK
PC15-OSC32_OUT\ (OSC32_OUT).Mode=LSE-External-Oscillator
PC5.Locked=true
RCC.PLLFRACN=0
ProjectManager.functionlistsort=1-MX_GPIO_Init-GPIO-false-HAL-true,2-SystemClock_Config-RCC-false-HAL-false,3-MX_SDMMC1_SD_Init-SDMMC1-false-HAL-true,4-MX_USART1_UART_Init-USART1-false-HAL-true,5-MX_FATFS_Init-FATFS-false-HAL-false,6-MX_USB_DEVICE_Init-USB_DEVICE-false-HAL-false,0-MX_CORTEX_M7_Init-CORTEX_M7-false-HAL-true
PA11.Mode=Device_Only
RCC.RTCFreq_Value=32000
SDMMC1.ClockDiv=4
USB_DEVICE.VirtualMode-CDC_FS=Cdc
RCC.PLL2FRACN=0
RCC.CpuClockFreq_Value=400000000
RCC.VCO2OutputFreq_Value=600000000
PD2.GPIOParameters=GPIO_PuPd
USART1.IPParameters=VirtualMode-Asynchronous
PB15.Signal=USART1_RX
PinOutPanel.RotationAngle=0
RCC.MCO1PinFreq_Value=64000000
RCC.SYSCLKSource=RCC_SYSCLKSOURCE_PLLCLK
ProjectManager.StackSize=0x400
RCC.AHB4Freq_Value=200000000
RCC.VCOInput3Freq_Value=6250000
RCC.LPTIM1Freq_Value=100000000
Mcu.IP4=NVIC
Mcu.IP5=RCC
Mcu.IP2=FATFS
NVIC.SVCall_IRQn=true\:0\:0\:false\:false\:false\:false\:false\:false
NVIC.SDMMC1_IRQn=true\:5\:0\:false\:false\:true\:true\:true\:true
Mcu.IP3=FREERTOS
Mcu.IP0=CORTEX_M7
FREERTOS.configENABLE_FPU=1
PA14\ (JTCK/SWCLK).Signal=DEBUG_JTCK-SWCLK
Mcu.IP1=DEBUG
PA12.Signal=USB_OTG_FS_DP
Mcu.UserConstants=
VP_FATFS_VS_SDIO.Signal=FATFS_VS_SDIO
RCC.DIVP3Freq_Value=400000000
RCC.SDMMCFreq_Value=400000000
Mcu.ThirdPartyNb=0
RCC.HCLKFreq_Value=200000000
RCC.I2C4Freq_Value=100000000
Mcu.IPNb=11
ProjectManager.PreviousToolchain=
RCC.SPDIFRXFreq_Value=400000000
RCC.DIVQ3Freq_Value=400000000
Mcu.Pin6=PC5
Mcu.Pin7=PB14
Mcu.Pin8=PB15
Mcu.Pin9=PC8
FREERTOS.IPParameters=Tasks01,configENABLE_FPU,configTOTAL_HEAP_SIZE,HEAP_NUMBER,configUSE_IDLE_HOOK,configUSE_TIMERS,FootprintOK
Mcu.Pin0=PE3
Mcu.Pin1=PC14-OSC32_IN (OSC32_IN)
GPIO.groupedBy=Group By Peripherals
Mcu.Pin2=PC15-OSC32_OUT (OSC32_OUT)
RCC.HRTIMFreq_Value=200000000
Mcu.Pin3=PH0-OSC_IN (PH0)
Mcu.Pin4=PH1-OSC_OUT (PH1)
Mcu.Pin5=PA1
ProjectManager.ProjectBuild=false
PH1-OSC_OUT\ (PH1).Mode=HSE-External-Oscillator
RCC.DIVR3Freq_Value=400000000
NVIC.UsageFault_IRQn=true\:0\:0\:false\:false\:true\:false\:false\:false
FREERTOS.configUSE_TIMERS=1
NVIC.DebugMonitor_IRQn=true\:0\:0\:false\:false\:true\:false\:false\:false
RCC.DIVM3=4
Mcu.IP10=USB_OTG_FS
RCC.DIVM2=4
NVIC.SysTick_IRQn=true\:15\:0\:false\:false\:true\:true\:false\:true
RCC.DIVM1=4
ProjectManager.FirmwarePackage=STM32Cube FW_H7 V1.7.0
MxDb.Version=DB.5.0.60
RCC.DIVP1Freq_Value=400000000
PA1.GPIOParameters=GPIO_Label
ProjectManager.BackupPrevious=false
RCC.FMCFreq_Value=200000000
USB_DEVICE.MANUFACTURER_STRING-CDC_FS=STMicroelectronics
PB14.Mode=Asynchronous
FREERTOS.HEAP_NUMBER=1
RCC.USART16Freq_Value=100000000
File.Version=6
PE3.GPIOParameters=GPIO_PuPd,GPIO_Label
PE3.Locked=true
PA14\ (JTCK/SWCLK).Mode=Serial_Wire
NVIC.PendSV_IRQn=true\:15\:0\:false\:false\:false\:true\:false\:false
VP_FREERTOS_VS_CMSIS_V1.Mode=CMSIS_V1
RCC.DIVR2Freq_Value=300000000
ProjectManager.HalAssertFull=false
FREERTOS.configTOTAL_HEAP_SIZE=65535
RCC.DIVP2Freq_Value=300000000
ProjectManager.ProjectName=H7-apps
RCC.APB3Freq_Value=100000000
RCC.MCO2PinFreq_Value=400000000
PC8.GPIOParameters=GPIO_PuPd
Mcu.Package=LQFP100
RCC.PLL3FRACN=0
RCC.D1PPRE=RCC_APB3_DIV2
NVIC.OTG_FS_IRQn=true\:5\:0\:false\:false\:true\:true\:false\:true
ProjectManager.ToolChainLocation=
VP_SYS_VS_Systick.Signal=SYS_VS_Systick
FREERTOS.FootprintOK=true
USB_OTG_FS.VirtualMode=Device_Only
VP_USB_DEVICE_VS_USB_DEVICE_CDC_FS.Signal=USB_DEVICE_VS_USB_DEVICE_CDC_FS
RCC.DFSDMFreq_Value=100000000
RCC.DIVR1Freq_Value=400000000
PC14-OSC32_IN\ (OSC32_IN).Mode=LSE-External-Oscillator
RCC.TraceFreq_Value=400000000
RCC.APB4Freq_Value=100000000
RCC.CECFreq_Value=32000
RCC.SAI23Freq_Value=400000000
NVIC.BusFault_IRQn=true\:0\:0\:false\:false\:true\:false\:false\:false
RCC.LPUART1Freq_Value=100000000
PC5.Signal=GPIO_Input
USB_OTG_FS.IPParameters=VirtualMode
PC12.GPIO_PuPd=GPIO_PULLUP
NVIC.USART1_IRQn=true\:5\:0\:false\:false\:true\:true\:true\:true
PH0-OSC_IN\ (PH0).Mode=HSE-External-Oscillator
ProjectManager.CustomerFirmwarePackage=
RCC.Tim2OutputFreq_Value=200000000
RCC.DFSDMACLkFreq_Value=400000000
RCC.VCO3OutputFreq_Value=800000000
RCC.PLLSourceVirtual=RCC_PLLSOURCE_HSE
ProjectManager.ProjectFileName=H7-apps.ioc
FREERTOS.Tasks01=defaultTask,0,1024,StartDefaultTask,Default,NULL,Dynamic,NULL,NULL
PA13\ (JTMS/SWDIO).Mode=Serial_Wire
Mcu.PinsNb=20
PD2.GPIO_PuPd=GPIO_PULLUP
ProjectManager.NoMain=false
USB_DEVICE.VirtualModeFS=Cdc_FS
FATFS._USE_MUTEX=1
RCC.SWPMI1Freq_Value=100000000
RCC.SAI4BFreq_Value=400000000
PC8.Signal=SDMMC1_D0
RCC.D2PPRE2=RCC_APB2_DIV2
RCC.D2PPRE1=RCC_APB1_DIV2
ProjectManager.DefaultFWLocation=true
ProjectManager.DeletePrevious=true
PC5.GPIO_PuPd=GPIO_PULLUP
RCC.QSPIFreq_Value=200000000
USB_DEVICE.IPParameters=VirtualMode-CDC_FS,VirtualModeFS,CLASS_NAME_FS,MANUFACTURER_STRING-CDC_FS
RCC.FamilyName=M
PH1-OSC_OUT\ (PH1).Signal=RCC_OSC_OUT
RCC.SPI6Freq_Value=100000000
RCC.D1CPREFreq_Value=400000000
FATFS.IPParameters=_USE_MUTEX,_MAX_SS,_USE_LFN
PC12.GPIOParameters=GPIO_PuPd
USART1.VirtualMode-Asynchronous=VM_ASYNC
FREERTOS.configUSE_IDLE_HOOK=1
VP_FREERTOS_VS_CMSIS_V1.Signal=FREERTOS_VS_CMSIS_V1
RCC.USART234578Freq_Value=100000000
RCC.SPI45Freq_Value=100000000
RCC.Tim1OutputFreq_Value=200000000
RCC.SPI123Freq_Value=400000000
ProjectManager.TargetToolchain=Makefile
PC15-OSC32_OUT\ (OSC32_OUT).Signal=RCC_OSC32_OUT
RCC.VCO1OutputFreq_Value=800000000
VP_USB_DEVICE_VS_USB_DEVICE_CDC_FS.Mode=CDC_FS
PC5.GPIOParameters=GPIO_PuPd,GPIO_Label
RCC.DIVN3=128
RCC.DIVN2=96
RCC.AXIClockFreq_Value=200000000
RCC.DIVN1=128
RCC.USBFreq_Value=48000000
PA1.Signal=GPIO_Output
RCC.CKPERFreq_Value=64000000
PB14.Signal=USART1_TX
PD2.Mode=SD_1_bit
RCC.USBCLockSelection=RCC_USBCLKSOURCE_HSI48
PC12.Mode=SD_1_bit
board=custom
ProjectManager.LastFirmware=true
PB15.Mode=Asynchronous
RCC.VCOInput1Freq_Value=6250000
RCC.AHB12Freq_Value=200000000
RCC.APB2Freq_Value=100000000
MxCube.Version=5.6.1
RCC.FDCANFreq_Value=400000000
RCC.RNGFreq_Value=48000000
RCC.ADCFreq_Value=300000000
PA1.GPIO_Label=LED_OUT
VP_SYS_VS_Systick.Mode=SysTick
PE3.GPIO_PuPd=GPIO_PULLUP
NVIC.NonMaskableInt_IRQn=true\:0\:0\:false\:false\:true\:false\:false\:false
ProjectManager.FreePins=false
RCC.IPParameters=ADCFreq_Value,AHB12Freq_Value,AHB4Freq_Value,APB1Freq_Value,APB2Freq_Value,APB3Freq_Value,APB4Freq_Value,AXIClockFreq_Value,CECFreq_Value,CKPERFreq_Value,CortexFreq_Value,CpuClockFreq_Value,D1CPREFreq_Value,D1PPRE,D2PPRE1,D2PPRE2,D3PPRE,DFSDMACLkFreq_Value,DFSDMFreq_Value,DIVM1,DIVM2,DIVM3,DIVN1,DIVN2,DIVN3,DIVP1Freq_Value,DIVP2Freq_Value,DIVP3Freq_Value,DIVQ1Freq_Value,DIVQ2Freq_Value,DIVQ3Freq_Value,DIVR1Freq_Value,DIVR2Freq_Value,DIVR3Freq_Value,FDCANFreq_Value,FMCFreq_Value,FamilyName,HCLK3ClockFreq_Value,HCLKFreq_Value,HPRE,HRTIMFreq_Value,I2C123Freq_Value,I2C4Freq_Value,LPTIM1Freq_Value,LPTIM2Freq_Value,LPTIM345Freq_Value,LPUART1Freq_Value,LTDCFreq_Value,MCO1PinFreq_Value,MCO2PinFreq_Value,PLL2FRACN,PLL3FRACN,PLLFRACN,PLLSourceVirtual,QSPIFreq_Value,RNGFreq_Value,RTCFreq_Value,SAI1Freq_Value,SAI23Freq_Value,SAI4AFreq_Value,SAI4BFreq_Value,SDMMCFreq_Value,SPDIFRXFreq_Value,SPI123Freq_Value,SPI45Freq_Value,SPI6Freq_Value,SWPMI1Freq_Value,SYSCLKFreq_VALUE,SYSCLKSource,Tim1OutputFreq_Value,Tim2OutputFreq_Value,TraceFreq_Value,USART16Freq_Value,USART234578Freq_Value,USBCLockSelection,USBFreq_Value,VCO1OutputFreq_Value,VCO2OutputFreq_Value,VCO3OutputFreq_Value,VCOInput1Freq_Value,VCOInput2Freq_Value,VCOInput3Freq_Value
ProjectManager.AskForMigrate=true
Mcu.Name=STM32H750VBTx
RCC.LPTIM2Freq_Value=100000000
ProjectManager.UnderRoot=false
FATFS._MAX_SS=4096
Mcu.IP8=USART1
Mcu.IP9=USB_DEVICE
Mcu.IP6=SDMMC1
PC8.Mode=SD_1_bit
Mcu.IP7=SYS
ProjectManager.CoupleFile=false
PC8.GPIO_PuPd=GPIO_PULLUP
RCC.SYSCLKFreq_VALUE=400000000
RCC.I2C123Freq_Value=100000000
PA1.Locked=true
PA12.Mode=Device_Only
NVIC.ForceEnableDMAVector=true
KeepUserPlacement=false
PC14-OSC32_IN\ (OSC32_IN).Signal=RCC_OSC32_IN
PC5.GPIO_Label=KEY2_INPUT
NVIC.MemoryManagement_IRQn=true\:0\:0\:false\:false\:true\:false\:false\:false
ProjectManager.CompilerOptimize=6
PA11.Signal=USB_OTG_FS_DM
ProjectManager.HeapSize=0x200
Mcu.Pin15=PD2
NVIC.HardFault_IRQn=true\:0\:0\:false\:false\:true\:false\:false\:false
Mcu.Pin16=VP_FATFS_VS_SDIO
Mcu.Pin13=PA14 (JTCK/SWCLK)
Mcu.Pin14=PC12
Mcu.Pin19=VP_USB_DEVICE_VS_USB_DEVICE_CDC_FS
RCC.LPTIM345Freq_Value=100000000
ProjectManager.ComputerToolchain=false
Mcu.Pin17=VP_FREERTOS_VS_CMSIS_V1
Mcu.Pin18=VP_SYS_VS_Systick
RCC.LTDCFreq_Value=400000000
RCC.SAI4AFreq_Value=400000000
NVIC.PriorityGroup=NVIC_PRIORITYGROUP_4
Mcu.Pin11=PA12
Mcu.Pin12=PA13 (JTMS/SWDIO)
Mcu.Pin10=PA11
RCC.DIVQ1Freq_Value=400000000
PE3.Signal=GPIO_Input
PE3.GPIO_Label=KEY1_INPUT
RCC.D3PPRE=RCC_APB4_DIV2
SDMMC1.IPParameters=ClockDiv
PD2.Signal=SDMMC1_CMD
RCC.HCLK3ClockFreq_Value=200000000
RCC.VCOInput2Freq_Value=6250000
RCC.APB1Freq_Value=100000000
ProjectManager.DeviceId=STM32H750VBTx
ProjectManager.LibraryCopy=0
PA13\ (JTMS/SWDIO).Signal=DEBUG_JTMS-SWDIO
